[[package]]
name = "tsp-sol"
version = "0.1.0"
dependencies = [
 "tsplib 0.1.0 (registry+https://github.com/rust-lang/crates.io-index)",
]

[[package]]
name = "tsplib"
version = "0.1.0"
source = "registry+https://github.com/rust-lang/crates.io-index"

[metadata]
"checksum tsplib 0.1.0 (registry+https://github.com/rust-lang/crates.io-index)" = "fd1ee98b4a4082bf235d5f75b1d70e91c422894c024022742345eb75e1f675be"
